
Microsoft Visual Studio Solution File, Format Version 12.00
# Visual Studio Version 16
VisualStudioVersion = 16.0.32106.194
MinimumVisualStudioVersion = 10.0.40219.1
Project("{FAE04EC0-301F-11D3-BF4B-00C04F79EFBC}") = "Craft", "Craft\Craft.csproj", "{2DA2D3F0-6913-45CB-A1B0-454CF558C0CF}"
EndProject
Global
	GlobalSection(SolutionConfigurationPlatforms) = preSolution
		Debug|Any CPU = Debug|Any CPU
		Release|Any CPU = Release|Any CPU
	EndGlobalSection
	GlobalSection(ProjectConfigurationPlatforms) = postSolution
		{2DA2D3F0-6913-45CB-A1B0-454CF558C0CF}.Debug|Any CPU.ActiveCfg = Debug|Any CPU
		{2DA2D3F0-6913-45CB-A1B0-454CF558C0CF}.Debug|Any CPU.Build.0 = Debug|Any CPU
		{2DA2D3F0-6913-45CB-A1B0-454CF558C0CF}.Release|Any CPU.ActiveCfg = Release|Any CPU
		{2DA2D3F0-6913-45CB-A1B0-454CF558C0CF}.Release|Any CPU.Build.0 = Release|Any CPU
	EndGlobalSection
	GlobalSection(SolutionProperties) = preSolution
		HideSolutionNode = FALSE
	EndGlobalSection
	GlobalSection(ExtensibilityGlobals) = postSolution
		SolutionGuid = {251CFCED-104C-4D5C-A357-50F4A507C69E}
	EndGlobalSection
EndGlobal
